{
  "name": "node-rdpjs",
  "version": "0.3.0",
  "lockfileVersion": 3,
  "requires": true,
  "packages": {
    "": {
      "name": "node-rdpjs",
      "version": "0.3.0",
      "engines": [
        "node >= 14.0.0"
      ],
      "license": "AGPL v3.0",
      "dependencies": {
        "lodash": "^4.17.21",
        "starttls": "^1.0.1"
      }
    },
    "node_modules/lodash": {
      "version": "4.17.21",
      "resolved": "https://registry.npmjs.org/lodash/-/lodash-4.17.21.tgz",
      "integrity": "sha512-v2kDEe57lecTulaDIuNTPy3Ry4gLGJ6Z1O3vE1krgXZNrsQ+LFTGHVxVjcXPs17LhbZVGedAJv8XZ1tvj5FvSg==",
      "license": "MIT"
    },
    "node_modules/starttls": {
      "version": "1.0.1",
      "resolved": "https://registry.npmjs.org/starttls/-/starttls-1.0.1.tgz",
      "integrity": "sha512-mfOPDJsq1GSvCyl6qQK5Slj486+6c2E/DJ3vo0TXs4kB+6xFBBuua2ngiudFyjpRYr9BIibsW9wn/5gl4EPaoA=="
    }
  }
}
